NeoBundleLock SerialExperimentsLain 11eddc735c2c14409a7cb683e2d04125fbbd2f61
NeoBundleLock jedi-vim 11eddc735c2c14409a7cb683e2d04125fbbd2f61
NeoBundleLock lightline.vim 11eddc735c2c14409a7cb683e2d04125fbbd2f61
NeoBundleLock moonshine-vim 11eddc735c2c14409a7cb683e2d04125fbbd2f61
NeoBundleLock neobundle.vim c6fa48cd665071b7a4dbf5ab53f48cd5884716ee
NeoBundleLock neocomplete.vim 11eddc735c2c14409a7cb683e2d04125fbbd2f61
NeoBundleLock nerdtree 11eddc735c2c14409a7cb683e2d04125fbbd2f61
