NeoBundleLock SerialExperimentsLain aabb800d6a27cde243604a94a9a14334286a87b2
NeoBundleLock jedi-vim 40a02a7fd187bf82ce3cda517feffbda8015ef5c
NeoBundleLock lightline.vim 166f179cf89320b1b6f95def3a49fda448f4f711
NeoBundleLock moonshine-vim 6f6a9edb701df3ae9aacb1b6f92cd86d6acf8534
NeoBundleLock neobundle.vim c6fa48cd665071b7a4dbf5ab53f48cd5884716ee
NeoBundleLock neocomplete.vim 0dbc6e4594db2e7fdd4c71b93e67b51e26c9c258
NeoBundleLock nerdtree e47e588705bd7d205a3b5a60ac7090c9a2504ba2
NeoBundleLock vim-django-support a0b21e72a2ce22141d60c494de1f58cb960b413f
NeoBundleLock vim-pyenv bed0d8bc809096cfc6a1e649a4d57a1f375960ff
